{
    "name": "@softvisio/messagepack",
    "version": "0.1.0",
    "lockfileVersion": 1,
    "requires": true,
    "dependencies": {
        "notepack.io": {
            "version": "2.3.0",
            "resolved": "https://registry.npmjs.org/notepack.io/-/notepack.io-2.3.0.tgz",
            "integrity": "sha512-9RiFDxeydHsWOqdthRUck2Kd4UW2NzVd2xxOulZiQ9mvge6ElsHXLpwD3HEJyql6sFEnEn/eMO7HSdS0M5mWkA==",
            "dev": true
        }
    }
}
